
Microsoft Visual Studio Solution File, Format Version 12.00
Project("{FAE04EC0-301F-11D3-BF4B-00C04F79EFBC}") = "CarSalesmen", "CarSalesmen\CarSalesmen.csproj", "{5255C03A-5119-4B44-A58D-1444DB65E053}"
EndProject
Project("{FAE04EC0-301F-11D3-BF4B-00C04F79EFBC}") = "CarSalesmenTests", "CarSalesmenTests\CarSalesmenTests.csproj", "{3945C777-2DC5-4AE7-A2CB-89D545055D7A}"
EndProject
Global
	GlobalSection(SolutionConfigurationPlatforms) = preSolution
		Debug|Any CPU = Debug|Any CPU
		Release|Any CPU = Release|Any CPU
	EndGlobalSection
	GlobalSection(ProjectConfigurationPlatforms) = postSolution
		{5255C03A-5119-4B44-A58D-1444DB65E053}.Debug|Any CPU.ActiveCfg = Debug|Any CPU
		{5255C03A-5119-4B44-A58D-1444DB65E053}.Debug|Any CPU.Build.0 = Debug|Any CPU
		{5255C03A-5119-4B44-A58D-1444DB65E053}.Release|Any CPU.ActiveCfg = Release|Any CPU
		{5255C03A-5119-4B44-A58D-1444DB65E053}.Release|Any CPU.Build.0 = Release|Any CPU
		{3945C777-2DC5-4AE7-A2CB-89D545055D7A}.Debug|Any CPU.ActiveCfg = Debug|Any CPU
		{3945C777-2DC5-4AE7-A2CB-89D545055D7A}.Debug|Any CPU.Build.0 = Debug|Any CPU
		{3945C777-2DC5-4AE7-A2CB-89D545055D7A}.Release|Any CPU.ActiveCfg = Release|Any CPU
		{3945C777-2DC5-4AE7-A2CB-89D545055D7A}.Release|Any CPU.Build.0 = Release|Any CPU
	EndGlobalSection
EndGlobal
